
Microsoft Visual Studio Solution File, Format Version 12.00
# Visual Studio 14
VisualStudioVersion = 14.0.25420.1
MinimumVisualStudioVersion = 10.0.40219.1
Project("{FAE04EC0-301F-11D3-BF4B-00C04F79EFBC}") = "Lesson2_HW", "Lesson2_HW\Lesson2_HW.csproj", "{085401C3-34F3-4C3C-8CFA-1012E581AB6B}"
EndProject
Global
	GlobalSection(SolutionConfigurationPlatforms) = preSolution
		Debug|Any CPU = Debug|Any CPU
		Release|Any CPU = Release|Any CPU
	EndGlobalSection
	GlobalSection(ProjectConfigurationPlatforms) = postSolution
		{085401C3-34F3-4C3C-8CFA-1012E581AB6B}.Debug|Any CPU.ActiveCfg = Debug|Any CPU
		{085401C3-34F3-4C3C-8CFA-1012E581AB6B}.Debug|Any CPU.Build.0 = Debug|Any CPU
		{085401C3-34F3-4C3C-8CFA-1012E581AB6B}.Release|Any CPU.ActiveCfg = Release|Any CPU
		{085401C3-34F3-4C3C-8CFA-1012E581AB6B}.Release|Any CPU.Build.0 = Release|Any CPU
	EndGlobalSection
	GlobalSection(SolutionProperties) = preSolution
		HideSolutionNode = FALSE
	EndGlobalSection
EndGlobal
